
Microsoft Visual Studio Solution File, Format Version 12.00
# Visual Studio 2015
Project("{FAE04EC0-301F-11D3-BF4B-00C04F79EFBC}") = "Game Jam 2015.CSharp.Plugins", "Game Jam 2015.CSharp.Plugins.csproj", "{CDD41CB8-F263-1285-DA30-607EA6A1BFBA}"
EndProject
Project("{FAE04EC0-301F-11D3-BF4B-00C04F79EFBC}") = "Game Jam 2015.CSharp", "Game Jam 2015.CSharp.csproj", "{4684ECFE-F179-5175-4145-BAEBBEF41F09}"
EndProject
Project("{FAE04EC0-301F-11D3-BF4B-00C04F79EFBC}") = "Game Jam 2015.CSharp.Editor", "Game Jam 2015.CSharp.Editor.csproj", "{5789450C-C9A3-46B6-30D1-15A733CFCEB1}"
EndProject
Global
	GlobalSection(SolutionConfigurationPlatforms) = preSolution
		Debug|Any CPU = Debug|Any CPU
		Release|Any CPU = Release|Any CPU
	EndGlobalSection
	GlobalSection(ProjectConfigurationPlatforms) = postSolution
		{CDD41CB8-F263-1285-DA30-607EA6A1BFBA}.Debug|Any CPU.ActiveCfg = Debug|Any CPU
		{CDD41CB8-F263-1285-DA30-607EA6A1BFBA}.Debug|Any CPU.Build.0 = Debug|Any CPU
		{CDD41CB8-F263-1285-DA30-607EA6A1BFBA}.Release|Any CPU.ActiveCfg = Release|Any CPU
		{CDD41CB8-F263-1285-DA30-607EA6A1BFBA}.Release|Any CPU.Build.0 = Release|Any CPU
		{4684ECFE-F179-5175-4145-BAEBBEF41F09}.Debug|Any CPU.ActiveCfg = Debug|Any CPU
		{4684ECFE-F179-5175-4145-BAEBBEF41F09}.Debug|Any CPU.Build.0 = Debug|Any CPU
		{4684ECFE-F179-5175-4145-BAEBBEF41F09}.Release|Any CPU.ActiveCfg = Release|Any CPU
		{4684ECFE-F179-5175-4145-BAEBBEF41F09}.Release|Any CPU.Build.0 = Release|Any CPU
		{5789450C-C9A3-46B6-30D1-15A733CFCEB1}.Debug|Any CPU.ActiveCfg = Debug|Any CPU
		{5789450C-C9A3-46B6-30D1-15A733CFCEB1}.Debug|Any CPU.Build.0 = Debug|Any CPU
		{5789450C-C9A3-46B6-30D1-15A733CFCEB1}.Release|Any CPU.ActiveCfg = Release|Any CPU
		{5789450C-C9A3-46B6-30D1-15A733CFCEB1}.Release|Any CPU.Build.0 = Release|Any CPU
	EndGlobalSection
	GlobalSection(SolutionProperties) = preSolution
		HideSolutionNode = FALSE
	EndGlobalSection
EndGlobal
